hash: 6fc77286ce4ab638d958ee47cca9bb4fb1541fd73479add7c864c9f7bc931fc3
updated: 2018-12-30T16:36:00.937019987+08:00
imports:
- name: github.com/json-iterator/go
  version: ff2b70c1dbffdd98567bd8c2f9449d97c0d04c88
- name: github.com/rakyll/statik
  version: 016ca6fdb1b26618ff8f53fbd1109ff834524f23
  subpackages:
  - fs
- name: github.com/v2pro/plz
  version: 03cb46d336e021ccc579800e033a9a48d09a87d0
  subpackages:
  - countlog
  - witch
  - witch/statik
testImports:
- name: github.com/wilcosheh/tfidf
  version: 2847b6a5524e45e742dabb5eee12354729dff0d5
  subpackages:
  - seg
  - util
- name: github.com/davecgh/go-spew
  version: 6d212800a42e8ab5c146b8ace3490ee17e5225f9
  subpackages:
  - spew
- name: github.com/pmezard/go-difflib
  version: d8ed2627bdf02c080bf22230dbb337003b7aba2d
  subpackages:
  - difflib
- name: github.com/stretchr/testify
  version: f35b8ab0b5a2cef36673838d662e249dd9c94686
  subpackages:
  - assert
  - require
- name: github.com/yanyiwu/gojieba
  version: 6e14c5c21cec8e7b26f319f3bcc3dddffacc703a
