hash: 9b5ffb96d051edbf339bb653ad3fe2471cabeef02c5a568d85e1bccb61aa5e4c
updated: 2017-11-13T09:53:58.958795737+08:00
imports:
- name: github.com/json-iterator/go
  version: 9fddff05f0b5cfe038f1802add248f3f0d08a015
- name: github.com/rakyll/statik
  version: 016ca6fdb1b26618ff8f53fbd1109ff834524f23
  subpackages:
  - fs
- name: github.com/v2pro/plz
  version: ecfd27d2a4cde7a701ebea220fffe050106fccd6
  subpackages:
  - countlog
  - witch
  - witch/statik
testImports:
- name: github.com/davecgh/go-spew
  version: 6d212800a42e8ab5c146b8ace3490ee17e5225f9
  subpackages:
  - spew
- name: github.com/pmezard/go-difflib
  version: d8ed2627bdf02c080bf22230dbb337003b7aba2d
  subpackages:
  - difflib
- name: github.com/stretchr/testify
  version: 69483b4bd14f5845b5a1e55bca19e954e827f1d0
  subpackages:
  - assert
  - require
